
Microsoft Visual Studio Solution File, Format Version 12.00
# Visual Studio Version 17
VisualStudioVersion = 17.9.34714.143
MinimumVisualStudioVersion = 10.0.40219.1
Project("{2150E333-8FDC-42A3-9474-1A3956D46DE8}") = "Common", "Common", "{4A97B66F-CA37-4A05-9572-33FD43B4D794}"
EndProject
Project("{9A19103F-16F7-4668-BE54-9A1E7A4F7556}") = "He.Common", "Common\He.Common\He.Common.csproj", "{2FF548F1-7B09-4349-90D7-A0FDED0CC212}"
EndProject
Project("{9A19103F-16F7-4668-BE54-9A1E7A4F7556}") = "He.Framework", "Common\He.Framework\He.Framework.csproj", "{EC185826-2B51-4ACA-97C6-4D718CDB0201}"
EndProject
Project("{9A19103F-16F7-4668-BE54-9A1E7A4F7556}") = "He.Business", "Common\He.Business\He.Business.csproj", "{CADA8E15-1070-414A-AD2E-B04DDD3CC006}"
EndProject
Project("{2150E333-8FDC-42A3-9474-1A3956D46DE8}") = "Base", "Base", "{6229A6C0-FFFD-4FD2-8200-C84335B1C946}"
EndProject
Project("{9A19103F-16F7-4668-BE54-9A1E7A4F7556}") = "He.BaseService.Model", "Base\He.BaseService.Model\He.BaseService.Model.csproj", "{A084EE75-B3E8-4F1C-9DA7-4634694FB1EF}"
EndProject
Project("{9A19103F-16F7-4668-BE54-9A1E7A4F7556}") = "He.BaseService.Dal", "Base\He.BaseService.Dal\He.BaseService.Dal.csproj", "{F20F0D19-A6DA-442D-A713-FA6A3251A4F0}"
EndProject
Project("{9A19103F-16F7-4668-BE54-9A1E7A4F7556}") = "He.BaseService.Bll", "Base\He.BaseService.Bll\He.BaseService.Bll.csproj", "{36369AC6-498E-4112-B888-A81297B9A8E1}"
EndProject
Project("{9A19103F-16F7-4668-BE54-9A1E7A4F7556}") = "He.BaseService.ApiBehand", "Base\He.BaseService.ApiBehand\He.BaseService.ApiBehand.csproj", "{AE258A26-52A8-45C8-90D0-F9B7D626DD47}"
EndProject
Project("{9A19103F-16F7-4668-BE54-9A1E7A4F7556}") = "He.BaseService.Api", "Base\He.BaseService.Api\He.BaseService.Api.csproj", "{1179F63D-CB1D-4A50-B1E8-9E9EF00C18BF}"
EndProject
Project("{2150E333-8FDC-42A3-9474-1A3956D46DE8}") = "User", "User", "{57E7A42C-73DD-470E-91F2-88899971C07F}"
EndProject
Project("{9A19103F-16F7-4668-BE54-9A1E7A4F7556}") = "He.UserService.Model", "User\He.UserService.Model\He.UserService.Model.csproj", "{0FBD2349-B881-4C6C-8157-16DDBA42AD73}"
EndProject
Project("{9A19103F-16F7-4668-BE54-9A1E7A4F7556}") = "He.UserService.Dal", "User\He.UserService.Dal\He.UserService.Dal.csproj", "{C782A86B-6FA5-42EA-8D2C-3383DDDC8BD8}"
EndProject
Project("{9A19103F-16F7-4668-BE54-9A1E7A4F7556}") = "He.UserService.Bll", "User\He.UserService.Bll\He.UserService.Bll.csproj", "{C9E8DD0C-41B5-4711-A8F0-10351784931E}"
EndProject
Project("{9A19103F-16F7-4668-BE54-9A1E7A4F7556}") = "He.UserService.ApiBehand", "User\He.UserService.ApiBehand\He.UserService.ApiBehand.csproj", "{F4245D2D-0A67-4F6C-B288-0A593127D9C3}"
EndProject
Project("{9A19103F-16F7-4668-BE54-9A1E7A4F7556}") = "He.UserService.Api", "User\He.UserService.Api\He.UserService.Api.csproj", "{1664C466-98F4-4A40-BDD0-9A3583D07A17}"
EndProject
Project("{FAE04EC0-301F-11D3-BF4B-00C04F79EFBC}") = "He.Alipay", "Common\He.Alipay\He.Alipay.csproj", "{9C7DEFB2-E8FC-46D1-B456-B4AF29177F11}"
EndProject
Project("{FAE04EC0-301F-11D3-BF4B-00C04F79EFBC}") = "He.WeChat", "Common\He.WeChat\He.WeChat.csproj", "{411AF4FB-1A65-4179-8956-44B4F16789BF}"
EndProject
Global
	GlobalSection(SolutionConfigurationPlatforms) = preSolution
		Debug|Any CPU = Debug|Any CPU
		Release|Any CPU = Release|Any CPU
	EndGlobalSection
	GlobalSection(ProjectConfigurationPlatforms) = postSolution
		{2FF548F1-7B09-4349-90D7-A0FDED0CC212}.Debug|Any CPU.ActiveCfg = Debug|Any CPU
		{2FF548F1-7B09-4349-90D7-A0FDED0CC212}.Debug|Any CPU.Build.0 = Debug|Any CPU
		{2FF548F1-7B09-4349-90D7-A0FDED0CC212}.Release|Any CPU.ActiveCfg = Release|Any CPU
		{2FF548F1-7B09-4349-90D7-A0FDED0CC212}.Release|Any CPU.Build.0 = Release|Any CPU
		{EC185826-2B51-4ACA-97C6-4D718CDB0201}.Debug|Any CPU.ActiveCfg = Debug|Any CPU
		{EC185826-2B51-4ACA-97C6-4D718CDB0201}.Debug|Any CPU.Build.0 = Debug|Any CPU
		{EC185826-2B51-4ACA-97C6-4D718CDB0201}.Release|Any CPU.ActiveCfg = Release|Any CPU
		{EC185826-2B51-4ACA-97C6-4D718CDB0201}.Release|Any CPU.Build.0 = Release|Any CPU
		{CADA8E15-1070-414A-AD2E-B04DDD3CC006}.Debug|Any CPU.ActiveCfg = Debug|Any CPU
		{CADA8E15-1070-414A-AD2E-B04DDD3CC006}.Debug|Any CPU.Build.0 = Debug|Any CPU
		{CADA8E15-1070-414A-AD2E-B04DDD3CC006}.Release|Any CPU.ActiveCfg = Release|Any CPU
		{CADA8E15-1070-414A-AD2E-B04DDD3CC006}.Release|Any CPU.Build.0 = Release|Any CPU
		{A084EE75-B3E8-4F1C-9DA7-4634694FB1EF}.Debug|Any CPU.ActiveCfg = Debug|Any CPU
		{A084EE75-B3E8-4F1C-9DA7-4634694FB1EF}.Debug|Any CPU.Build.0 = Debug|Any CPU
		{A084EE75-B3E8-4F1C-9DA7-4634694FB1EF}.Release|Any CPU.ActiveCfg = Release|Any CPU
		{A084EE75-B3E8-4F1C-9DA7-4634694FB1EF}.Release|Any CPU.Build.0 = Release|Any CPU
		{F20F0D19-A6DA-442D-A713-FA6A3251A4F0}.Debug|Any CPU.ActiveCfg = Debug|Any CPU
		{F20F0D19-A6DA-442D-A713-FA6A3251A4F0}.Debug|Any CPU.Build.0 = Debug|Any CPU
		{F20F0D19-A6DA-442D-A713-FA6A3251A4F0}.Release|Any CPU.ActiveCfg = Release|Any CPU
		{F20F0D19-A6DA-442D-A713-FA6A3251A4F0}.Release|Any CPU.Build.0 = Release|Any CPU
		{36369AC6-498E-4112-B888-A81297B9A8E1}.Debug|Any CPU.ActiveCfg = Debug|Any CPU
		{36369AC6-498E-4112-B888-A81297B9A8E1}.Debug|Any CPU.Build.0 = Debug|Any CPU
		{36369AC6-498E-4112-B888-A81297B9A8E1}.Release|Any CPU.ActiveCfg = Release|Any CPU
		{36369AC6-498E-4112-B888-A81297B9A8E1}.Release|Any CPU.Build.0 = Release|Any CPU
		{AE258A26-52A8-45C8-90D0-F9B7D626DD47}.Debug|Any CPU.ActiveCfg = Debug|Any CPU
		{AE258A26-52A8-45C8-90D0-F9B7D626DD47}.Debug|Any CPU.Build.0 = Debug|Any CPU
		{AE258A26-52A8-45C8-90D0-F9B7D626DD47}.Release|Any CPU.ActiveCfg = Release|Any CPU
		{AE258A26-52A8-45C8-90D0-F9B7D626DD47}.Release|Any CPU.Build.0 = Release|Any CPU
		{1179F63D-CB1D-4A50-B1E8-9E9EF00C18BF}.Debug|Any CPU.ActiveCfg = Debug|Any CPU
		{1179F63D-CB1D-4A50-B1E8-9E9EF00C18BF}.Debug|Any CPU.Build.0 = Debug|Any CPU
		{1179F63D-CB1D-4A50-B1E8-9E9EF00C18BF}.Release|Any CPU.ActiveCfg = Release|Any CPU
		{1179F63D-CB1D-4A50-B1E8-9E9EF00C18BF}.Release|Any CPU.Build.0 = Release|Any CPU
		{0FBD2349-B881-4C6C-8157-16DDBA42AD73}.Debug|Any CPU.ActiveCfg = Debug|Any CPU
		{0FBD2349-B881-4C6C-8157-16DDBA42AD73}.Debug|Any CPU.Build.0 = Debug|Any CPU
		{0FBD2349-B881-4C6C-8157-16DDBA42AD73}.Release|Any CPU.ActiveCfg = Release|Any CPU
		{0FBD2349-B881-4C6C-8157-16DDBA42AD73}.Release|Any CPU.Build.0 = Release|Any CPU
		{C782A86B-6FA5-42EA-8D2C-3383DDDC8BD8}.Debug|Any CPU.ActiveCfg = Debug|Any CPU
		{C782A86B-6FA5-42EA-8D2C-3383DDDC8BD8}.Debug|Any CPU.Build.0 = Debug|Any CPU
		{C782A86B-6FA5-42EA-8D2C-3383DDDC8BD8}.Release|Any CPU.ActiveCfg = Release|Any CPU
		{C782A86B-6FA5-42EA-8D2C-3383DDDC8BD8}.Release|Any CPU.Build.0 = Release|Any CPU
		{C9E8DD0C-41B5-4711-A8F0-10351784931E}.Debug|Any CPU.ActiveCfg = Debug|Any CPU
		{C9E8DD0C-41B5-4711-A8F0-10351784931E}.Debug|Any CPU.Build.0 = Debug|Any CPU
		{C9E8DD0C-41B5-4711-A8F0-10351784931E}.Release|Any CPU.ActiveCfg = Release|Any CPU
		{C9E8DD0C-41B5-4711-A8F0-10351784931E}.Release|Any CPU.Build.0 = Release|Any CPU
		{F4245D2D-0A67-4F6C-B288-0A593127D9C3}.Debug|Any CPU.ActiveCfg = Debug|Any CPU
		{F4245D2D-0A67-4F6C-B288-0A593127D9C3}.Debug|Any CPU.Build.0 = Debug|Any CPU
		{F4245D2D-0A67-4F6C-B288-0A593127D9C3}.Release|Any CPU.ActiveCfg = Release|Any CPU
		{F4245D2D-0A67-4F6C-B288-0A593127D9C3}.Release|Any CPU.Build.0 = Release|Any CPU
		{1664C466-98F4-4A40-BDD0-9A3583D07A17}.Debug|Any CPU.ActiveCfg = Debug|Any CPU
		{1664C466-98F4-4A40-BDD0-9A3583D07A17}.Debug|Any CPU.Build.0 = Debug|Any CPU
		{1664C466-98F4-4A40-BDD0-9A3583D07A17}.Release|Any CPU.ActiveCfg = Release|Any CPU
		{1664C466-98F4-4A40-BDD0-9A3583D07A17}.Release|Any CPU.Build.0 = Release|Any CPU
		{9C7DEFB2-E8FC-46D1-B456-B4AF29177F11}.Debug|Any CPU.ActiveCfg = Debug|Any CPU
		{9C7DEFB2-E8FC-46D1-B456-B4AF29177F11}.Debug|Any CPU.Build.0 = Debug|Any CPU
		{9C7DEFB2-E8FC-46D1-B456-B4AF29177F11}.Release|Any CPU.ActiveCfg = Release|Any CPU
		{9C7DEFB2-E8FC-46D1-B456-B4AF29177F11}.Release|Any CPU.Build.0 = Release|Any CPU
		{411AF4FB-1A65-4179-8956-44B4F16789BF}.Debug|Any CPU.ActiveCfg = Debug|Any CPU
		{411AF4FB-1A65-4179-8956-44B4F16789BF}.Debug|Any CPU.Build.0 = Debug|Any CPU
		{411AF4FB-1A65-4179-8956-44B4F16789BF}.Release|Any CPU.ActiveCfg = Release|Any CPU
		{411AF4FB-1A65-4179-8956-44B4F16789BF}.Release|Any CPU.Build.0 = Release|Any CPU
	EndGlobalSection
	GlobalSection(SolutionProperties) = preSolution
		HideSolutionNode = FALSE
	EndGlobalSection
	GlobalSection(NestedProjects) = preSolution
		{2FF548F1-7B09-4349-90D7-A0FDED0CC212} = {4A97B66F-CA37-4A05-9572-33FD43B4D794}
		{EC185826-2B51-4ACA-97C6-4D718CDB0201} = {4A97B66F-CA37-4A05-9572-33FD43B4D794}
		{CADA8E15-1070-414A-AD2E-B04DDD3CC006} = {4A97B66F-CA37-4A05-9572-33FD43B4D794}
		{A084EE75-B3E8-4F1C-9DA7-4634694FB1EF} = {6229A6C0-FFFD-4FD2-8200-C84335B1C946}
		{F20F0D19-A6DA-442D-A713-FA6A3251A4F0} = {6229A6C0-FFFD-4FD2-8200-C84335B1C946}
		{36369AC6-498E-4112-B888-A81297B9A8E1} = {6229A6C0-FFFD-4FD2-8200-C84335B1C946}
		{AE258A26-52A8-45C8-90D0-F9B7D626DD47} = {6229A6C0-FFFD-4FD2-8200-C84335B1C946}
		{1179F63D-CB1D-4A50-B1E8-9E9EF00C18BF} = {6229A6C0-FFFD-4FD2-8200-C84335B1C946}
		{0FBD2349-B881-4C6C-8157-16DDBA42AD73} = {57E7A42C-73DD-470E-91F2-88899971C07F}
		{C782A86B-6FA5-42EA-8D2C-3383DDDC8BD8} = {57E7A42C-73DD-470E-91F2-88899971C07F}
		{C9E8DD0C-41B5-4711-A8F0-10351784931E} = {57E7A42C-73DD-470E-91F2-88899971C07F}
		{F4245D2D-0A67-4F6C-B288-0A593127D9C3} = {57E7A42C-73DD-470E-91F2-88899971C07F}
		{1664C466-98F4-4A40-BDD0-9A3583D07A17} = {57E7A42C-73DD-470E-91F2-88899971C07F}
		{9C7DEFB2-E8FC-46D1-B456-B4AF29177F11} = {4A97B66F-CA37-4A05-9572-33FD43B4D794}
		{411AF4FB-1A65-4179-8956-44B4F16789BF} = {4A97B66F-CA37-4A05-9572-33FD43B4D794}
	EndGlobalSection
	GlobalSection(ExtensibilityGlobals) = postSolution
		SolutionGuid = {7ABF951C-844E-4D36-8E1B-C035517304F9}
	EndGlobalSection
EndGlobal
